
Microsoft Visual Studio Solution File, Format Version 12.00
# Visual Studio Version 17
VisualStudioVersion = 17.9.34902.65
MinimumVisualStudioVersion = 10.0.40219.1
Project("{9A19103F-16F7-4668-BE54-9A1E7A4F7556}") = "Vuelos", "Vuelos\Vuelos.csproj", "{F17943EF-E721-43A4-8109-34FD44526693}"
EndProject
Project("{FAE04EC0-301F-11D3-BF4B-00C04F79EFBC}") = "Vuelos.Test", "Vuelos.Test\Vuelos.Test.csproj", "{DEED3A67-A075-4AA1-90E6-A78FAAF49540}"
	ProjectSection(ProjectDependencies) = postProject
		{F17943EF-E721-43A4-8109-34FD44526693} = {F17943EF-E721-43A4-8109-34FD44526693}
	EndProjectSection
EndProject
Global
	GlobalSection(SolutionConfigurationPlatforms) = preSolution
		Debug|Any CPU = Debug|Any CPU
		Release|Any CPU = Release|Any CPU
	EndGlobalSection
	GlobalSection(ProjectConfigurationPlatforms) = postSolution
		{F17943EF-E721-43A4-8109-34FD44526693}.Debug|Any CPU.ActiveCfg = Debug|Any CPU
		{F17943EF-E721-43A4-8109-34FD44526693}.Debug|Any CPU.Build.0 = Debug|Any CPU
		{F17943EF-E721-43A4-8109-34FD44526693}.Release|Any CPU.ActiveCfg = Release|Any CPU
		{F17943EF-E721-43A4-8109-34FD44526693}.Release|Any CPU.Build.0 = Release|Any CPU
		{DEED3A67-A075-4AA1-90E6-A78FAAF49540}.Debug|Any CPU.ActiveCfg = Debug|Any CPU
		{DEED3A67-A075-4AA1-90E6-A78FAAF49540}.Debug|Any CPU.Build.0 = Debug|Any CPU
		{DEED3A67-A075-4AA1-90E6-A78FAAF49540}.Release|Any CPU.ActiveCfg = Release|Any CPU
		{DEED3A67-A075-4AA1-90E6-A78FAAF49540}.Release|Any CPU.Build.0 = Release|Any CPU
	EndGlobalSection
	GlobalSection(SolutionProperties) = preSolution
		HideSolutionNode = FALSE
	EndGlobalSection
	GlobalSection(ExtensibilityGlobals) = postSolution
		SolutionGuid = {9127C2E9-CD3C-4E48-804D-F2441010B72D}
	EndGlobalSection
EndGlobal
